
Microsoft Visual Studio Solution File, Format Version 12.00
# Visual Studio Version 17
VisualStudioVersion = 17.4.33213.308
MinimumVisualStudioVersion = 10.0.40219.1
Project("{2150E333-8FDC-42A3-9474-1A3956D46DE8}") = "Src", "Src", "{D78B3657-28B3-4DE8-9620-F7E1AD3FEE5D}"
EndProject
Project("{2150E333-8FDC-42A3-9474-1A3956D46DE8}") = "Test", "Test", "{35B7F2D7-D517-4E63-BD9C-37DF7BB0E204}"
EndProject
Project("{2150E333-8FDC-42A3-9474-1A3956D46DE8}") = "Modules", "Modules", "{168F12E5-9E30-429F-B737-57B23B3F0E57}"
EndProject
Project("{2150E333-8FDC-42A3-9474-1A3956D46DE8}") = "Shared", "Shared", "{AF19BF9D-9AEE-4ACF-9EEF-C313FFC005FA}"
EndProject
Project("{2150E333-8FDC-42A3-9474-1A3956D46DE8}") = "Core", "Core", "{00DF3EC8-3835-4975-B45F-E98878F7193D}"
EndProject
Project("{2150E333-8FDC-42A3-9474-1A3956D46DE8}") = "Infrastructure", "Infrastructure", "{D9DFB786-ADA0-4CE4-9ED6-3780AF94BBF0}"
EndProject
Project("{2150E333-8FDC-42A3-9474-1A3956D46DE8}") = "Presentation", "Presentation", "{56AA364A-E8E2-43B9-8292-93B0C263A1DD}"
EndProject
Project("{2150E333-8FDC-42A3-9474-1A3956D46DE8}") = "Application", "Application", "{AAFA3C81-7187-42AC-A773-DEA3AA4E9EAF}"
EndProject
Project("{2150E333-8FDC-42A3-9474-1A3956D46DE8}") = "Domain", "Domain", "{79D6C2E8-EC78-44B5-A5A5-576B8A30913D}"
EndProject
Project("{FAE04EC0-301F-11D3-BF4B-00C04F79EFBC}") = "School.Src.Core.Domain.Entities", "School.Src.Core.Domain.Entities\School.Src.Core.Domain.Entities.csproj", "{06E4C92F-0504-4F22-8B89-B79A207ECDEF}"
EndProject
Project("{FAE04EC0-301F-11D3-BF4B-00C04F79EFBC}") = "School.Src.Core.Domain.Repositories", "School.Src.Core.Domain.Repositories\School.Src.Core.Domain.Repositories.csproj", "{E1A69030-79F1-44F0-A25F-95A22AE61452}"
EndProject
Project("{FAE04EC0-301F-11D3-BF4B-00C04F79EFBC}") = "School.Src.Core.Domain.Services", "School.Src.Core.Domain.Services\School.Src.Core.Domain.Services.csproj", "{6DB140B7-93F4-4CE4-9715-C99019D3F6EA}"
EndProject
Project("{FAE04EC0-301F-11D3-BF4B-00C04F79EFBC}") = "School.Src.Core.Application.Services", "School.Src.Core.Application.Services\School.Src.Core.Application.Services.csproj", "{E28D2257-B14D-46AD-959F-44818797B405}"
EndProject
Project("{FAE04EC0-301F-11D3-BF4B-00C04F79EFBC}") = "School.Src.Core.Application.Validation", "School.Src.Core.Application.Validation\School.Src.Core.Application.Validation.csproj", "{1C3B5FE5-FDF6-4C59-9377-7496CB37549B}"
EndProject
Project("{FAE04EC0-301F-11D3-BF4B-00C04F79EFBC}") = "School.Src.Infrastructure.MySqlDb", "School.Src.Infrastructure.MySqlDb\School.Src.Infrastructure.MySqlDb.csproj", "{85F506BA-BA17-4E0F-911F-98CAB8B4727D}"
EndProject
Project("{FAE04EC0-301F-11D3-BF4B-00C04F79EFBC}") = "School.Src.Presentation.RestApi", "School.Src.Presentation.RestApi2\School.Src.Presentation.RestApi.csproj", "{93D7AAC2-9076-43E5-91D8-D3CCA975F72B}"
EndProject
Global
	GlobalSection(SolutionConfigurationPlatforms) = preSolution
		Debug|Any CPU = Debug|Any CPU
		Release|Any CPU = Release|Any CPU
	EndGlobalSection
	GlobalSection(ProjectConfigurationPlatforms) = postSolution
		{06E4C92F-0504-4F22-8B89-B79A207ECDEF}.Debug|Any CPU.ActiveCfg = Debug|Any CPU
		{06E4C92F-0504-4F22-8B89-B79A207ECDEF}.Debug|Any CPU.Build.0 = Debug|Any CPU
		{06E4C92F-0504-4F22-8B89-B79A207ECDEF}.Release|Any CPU.ActiveCfg = Release|Any CPU
		{06E4C92F-0504-4F22-8B89-B79A207ECDEF}.Release|Any CPU.Build.0 = Release|Any CPU
		{E1A69030-79F1-44F0-A25F-95A22AE61452}.Debug|Any CPU.ActiveCfg = Debug|Any CPU
		{E1A69030-79F1-44F0-A25F-95A22AE61452}.Debug|Any CPU.Build.0 = Debug|Any CPU
		{E1A69030-79F1-44F0-A25F-95A22AE61452}.Release|Any CPU.ActiveCfg = Release|Any CPU
		{E1A69030-79F1-44F0-A25F-95A22AE61452}.Release|Any CPU.Build.0 = Release|Any CPU
		{6DB140B7-93F4-4CE4-9715-C99019D3F6EA}.Debug|Any CPU.ActiveCfg = Debug|Any CPU
		{6DB140B7-93F4-4CE4-9715-C99019D3F6EA}.Debug|Any CPU.Build.0 = Debug|Any CPU
		{6DB140B7-93F4-4CE4-9715-C99019D3F6EA}.Release|Any CPU.ActiveCfg = Release|Any CPU
		{6DB140B7-93F4-4CE4-9715-C99019D3F6EA}.Release|Any CPU.Build.0 = Release|Any CPU
		{E28D2257-B14D-46AD-959F-44818797B405}.Debug|Any CPU.ActiveCfg = Debug|Any CPU
		{E28D2257-B14D-46AD-959F-44818797B405}.Debug|Any CPU.Build.0 = Debug|Any CPU
		{E28D2257-B14D-46AD-959F-44818797B405}.Release|Any CPU.ActiveCfg = Release|Any CPU
		{E28D2257-B14D-46AD-959F-44818797B405}.Release|Any CPU.Build.0 = Release|Any CPU
		{1C3B5FE5-FDF6-4C59-9377-7496CB37549B}.Debug|Any CPU.ActiveCfg = Debug|Any CPU
		{1C3B5FE5-FDF6-4C59-9377-7496CB37549B}.Debug|Any CPU.Build.0 = Debug|Any CPU
		{1C3B5FE5-FDF6-4C59-9377-7496CB37549B}.Release|Any CPU.ActiveCfg = Release|Any CPU
		{1C3B5FE5-FDF6-4C59-9377-7496CB37549B}.Release|Any CPU.Build.0 = Release|Any CPU
		{85F506BA-BA17-4E0F-911F-98CAB8B4727D}.Debug|Any CPU.ActiveCfg = Debug|Any CPU
		{85F506BA-BA17-4E0F-911F-98CAB8B4727D}.Debug|Any CPU.Build.0 = Debug|Any CPU
		{85F506BA-BA17-4E0F-911F-98CAB8B4727D}.Release|Any CPU.ActiveCfg = Release|Any CPU
		{85F506BA-BA17-4E0F-911F-98CAB8B4727D}.Release|Any CPU.Build.0 = Release|Any CPU
		{93D7AAC2-9076-43E5-91D8-D3CCA975F72B}.Debug|Any CPU.ActiveCfg = Debug|Any CPU
		{93D7AAC2-9076-43E5-91D8-D3CCA975F72B}.Debug|Any CPU.Build.0 = Debug|Any CPU
		{93D7AAC2-9076-43E5-91D8-D3CCA975F72B}.Release|Any CPU.ActiveCfg = Release|Any CPU
		{93D7AAC2-9076-43E5-91D8-D3CCA975F72B}.Release|Any CPU.Build.0 = Release|Any CPU
	EndGlobalSection
	GlobalSection(SolutionProperties) = preSolution
		HideSolutionNode = FALSE
	EndGlobalSection
	GlobalSection(NestedProjects) = preSolution
		{168F12E5-9E30-429F-B737-57B23B3F0E57} = {D78B3657-28B3-4DE8-9620-F7E1AD3FEE5D}
		{AF19BF9D-9AEE-4ACF-9EEF-C313FFC005FA} = {D78B3657-28B3-4DE8-9620-F7E1AD3FEE5D}
		{00DF3EC8-3835-4975-B45F-E98878F7193D} = {168F12E5-9E30-429F-B737-57B23B3F0E57}
		{D9DFB786-ADA0-4CE4-9ED6-3780AF94BBF0} = {168F12E5-9E30-429F-B737-57B23B3F0E57}
		{56AA364A-E8E2-43B9-8292-93B0C263A1DD} = {168F12E5-9E30-429F-B737-57B23B3F0E57}
		{AAFA3C81-7187-42AC-A773-DEA3AA4E9EAF} = {00DF3EC8-3835-4975-B45F-E98878F7193D}
		{79D6C2E8-EC78-44B5-A5A5-576B8A30913D} = {00DF3EC8-3835-4975-B45F-E98878F7193D}
		{06E4C92F-0504-4F22-8B89-B79A207ECDEF} = {79D6C2E8-EC78-44B5-A5A5-576B8A30913D}
		{E1A69030-79F1-44F0-A25F-95A22AE61452} = {79D6C2E8-EC78-44B5-A5A5-576B8A30913D}
		{6DB140B7-93F4-4CE4-9715-C99019D3F6EA} = {79D6C2E8-EC78-44B5-A5A5-576B8A30913D}
		{E28D2257-B14D-46AD-959F-44818797B405} = {AAFA3C81-7187-42AC-A773-DEA3AA4E9EAF}
		{1C3B5FE5-FDF6-4C59-9377-7496CB37549B} = {AAFA3C81-7187-42AC-A773-DEA3AA4E9EAF}
		{85F506BA-BA17-4E0F-911F-98CAB8B4727D} = {D9DFB786-ADA0-4CE4-9ED6-3780AF94BBF0}
		{93D7AAC2-9076-43E5-91D8-D3CCA975F72B} = {56AA364A-E8E2-43B9-8292-93B0C263A1DD}
	EndGlobalSection
	GlobalSection(ExtensibilityGlobals) = postSolution
		SolutionGuid = {1A0B4651-B521-4475-9B39-1723BD035017}
	EndGlobalSection
EndGlobal
